{
  "name": "eslint-config-lifion",
  "version": "0.1.0",
  "lockfileVersion": 1,
  "requires": true,
  "dependencies": {
    "balanced-match": {
      "version": "1.0.0",
      "resolved": "http://artifactory.es.ad.adp.com:8081/artifactory/api/npm/ohcm-npms/balanced-match/-/balanced-match-1.0.0.tgz",
      "integrity": "sha1-ibTRmasr7kneFk6gK4nORi1xt2c="
    },
    "brace-expansion": {
      "version": "1.1.11",
      "resolved": "http://artifactory.es.ad.adp.com:8081/artifactory/api/npm/ohcm-npms/brace-expansion/-/brace-expansion-1.1.11.tgz",
      "integrity": "sha1-PH/L9SnYcibz0vUrlm/1Jx60Qd0=",
      "requires": {
        "balanced-match": "1.0.0",
        "concat-map": "0.0.1"
      }
    },
    "builtin-modules": {
      "version": "1.1.1",
      "resolved": "http://artifactory.es.ad.adp.com:8081/artifactory/api/npm/ohcm-npms/builtin-modules/-/builtin-modules-1.1.1.tgz",
      "integrity": "sha1-Jw8HbFpywC9bZaR9+Uxf46J4iS8="
    },
    "clean-regexp": {
      "version": "1.0.0",
      "resolved": "http://artifactory.es.ad.adp.com:8081/artifactory/api/npm/ohcm-npms/clean-regexp/-/clean-regexp-1.0.0.tgz",
      "integrity": "sha1-jffHquUf02h06PjQW5GAvBGj/tc=",
      "requires": {
        "escape-string-regexp": "1.0.5"
      }
    },
    "cli": {
      "version": "1.0.1",
      "resolved": "http://artifactory.es.ad.adp.com:8081/artifactory/api/npm/ohcm-npms/cli/-/cli-1.0.1.tgz",
      "integrity": "sha1-IoF1NPJL+klQw01TLUjsvGIbjBQ=",
      "requires": {
        "exit": "0.1.2",
        "glob": "7.1.2"
      }
    },
    "comment-parser": {
      "version": "0.4.2",
      "resolved": "http://artifactory.es.ad.adp.com:8081/artifactory/api/npm/ohcm-npms/comment-parser/-/comment-parser-0.4.2.tgz",
      "integrity": "sha1-+lo/eAEwcBFIZtx7jpzzF6ljX3Q=",
      "requires": {
        "readable-stream": "2.3.6"
      }
    },
    "concat-map": {
      "version": "0.0.1",
      "resolved": "http://artifactory.es.ad.adp.com:8081/artifactory/api/npm/ohcm-npms/concat-map/-/concat-map-0.0.1.tgz",
      "integrity": "sha1-2Klr13/Wjfd5OnMDajug1UBdR3s="
    },
    "console-browserify": {
      "version": "1.1.0",
      "resolved": "http://artifactory.es.ad.adp.com:8081/artifactory/api/npm/ohcm-npms/console-browserify/-/console-browserify-1.1.0.tgz",
      "integrity": "sha1-8CQcRXMKn8YyOyBtvzjtx0HQuxA=",
      "requires": {
        "date-now": "0.1.4"
      }
    },
    "contains-path": {
      "version": "0.1.0",
      "resolved": "http://artifactory.es.ad.adp.com:8081/artifactory/api/npm/ohcm-npms/contains-path/-/contains-path-0.1.0.tgz",
      "integrity": "sha1-/ozxhP9mcLa67wGp1IYaXL7EEgo="
    },
    "core-util-is": {
      "version": "1.0.2",
      "resolved": "http://artifactory.es.ad.adp.com:8081/artifactory/api/npm/ohcm-npms/core-util-is/-/core-util-is-1.0.2.tgz",
      "integrity": "sha1-tf1UIgqivFq1eqtxQMlAdUUDwac="
    },
    "date-now": {
      "version": "0.1.4",
      "resolved": "http://artifactory.es.ad.adp.com:8081/artifactory/api/npm/ohcm-npms/date-now/-/date-now-0.1.4.tgz",
      "integrity": "sha1-6vQ5/U1ISK105cx9vvIAZyueNFs="
    },
    "debug": {
      "version": "2.6.9",
      "resolved": "http://artifactory.es.ad.adp.com:8081/artifactory/api/npm/ohcm-npms/debug/-/debug-2.6.9.tgz",
      "integrity": "sha1-XRKFFd8TT/Mn6QpMk/Tgd6U2NB8=",
      "requires": {
        "ms": "2.0.0"
      }
    },
    "doctrine": {
      "version": "1.5.0",
      "resolved": "http://artifactory.es.ad.adp.com:8081/artifactory/api/npm/ohcm-npms/doctrine/-/doctrine-1.5.0.tgz",
      "integrity": "sha1-N53Ocw9hZvds76TmcHoVmwLFpvo=",
      "requires": {
        "esutils": "2.0.2",
        "isarray": "1.0.0"
      }
    },
    "dom-serializer": {
      "version": "0.1.0",
      "resolved": "http://artifactory.es.ad.adp.com:8081/artifactory/api/npm/ohcm-npms/dom-serializer/-/dom-serializer-0.1.0.tgz",
      "integrity": "sha1-BzxpdUbOB4DOI75KKOKT5AvDDII=",
      "requires": {
        "domelementtype": "1.1.3",
        "entities": "1.1.1"
      },
      "dependencies": {
        "domelementtype": {
          "version": "1.1.3",
          "resolved": "http://artifactory.es.ad.adp.com:8081/artifactory/api/npm/ohcm-npms/domelementtype/-/domelementtype-1.1.3.tgz",
          "integrity": "sha1-vSh3PiZCiBrsUVRJJCmcXNgiGFs="
        },
        "entities": {
          "version": "1.1.1",
          "resolved": "http://artifactory.es.ad.adp.com:8081/artifactory/api/npm/ohcm-npms/entities/-/entities-1.1.1.tgz",
          "integrity": "sha1-blwtClYhtdra7O+AuQ7ftc13cvA="
        }
      }
    },
    "domelementtype": {
      "version": "1.3.0",
      "resolved": "http://artifactory.es.ad.adp.com:8081/artifactory/api/npm/ohcm-npms/domelementtype/-/domelementtype-1.3.0.tgz",
      "integrity": "sha1-sXrtguirWeUt2cGbF1bg/BhyBMI="
    },
    "domhandler": {
      "version": "2.3.0",
      "resolved": "http://artifactory.es.ad.adp.com:8081/artifactory/api/npm/ohcm-npms/domhandler/-/domhandler-2.3.0.tgz",
      "integrity": "sha1-LeWaCCLVAn+r/28DLCsloqir5zg=",
      "requires": {
        "domelementtype": "1.3.0"
      }
    },
    "domutils": {
      "version": "1.5.1",
      "resolved": "http://artifactory.es.ad.adp.com:8081/artifactory/api/npm/ohcm-npms/domutils/-/domutils-1.5.1.tgz",
      "integrity": "sha1-3NhIiib1Y9YQeeSMn3t+Mjc2gs8=",
      "requires": {
        "dom-serializer": "0.1.0",
        "domelementtype": "1.3.0"
      }
    },
    "entities": {
      "version": "1.0.0",
      "resolved": "http://artifactory.es.ad.adp.com:8081/artifactory/api/npm/ohcm-npms/entities/-/entities-1.0.0.tgz",
      "integrity": "sha1-sph6o4ITR/zeZCsk/fyeT7cSvyY="
    },
    "error-ex": {
      "version": "1.3.2",
      "resolved": "http://artifactory.es.ad.adp.com:8081/artifactory/api/npm/ohcm-npms/error-ex/-/error-ex-1.3.2.tgz",
      "integrity": "sha1-tKxAZIEH/c3PriQvQovqihTU8b8=",
      "requires": {
        "is-arrayish": "0.2.1"
      }
    },
    "escape-string-regexp": {
      "version": "1.0.5",
      "resolved": "http://artifactory.es.ad.adp.com:8081/artifactory/api/npm/ohcm-npms/escape-string-regexp/-/escape-string-regexp-1.0.5.tgz",
      "integrity": "sha1-G2HAViGQqN/2rjuyzwIAyhMLhtQ="
    },
    "eslint-ast-utils": {
      "version": "1.1.0",
      "resolved": "http://artifactory.es.ad.adp.com:8081/artifactory/api/npm/ohcm-npms/eslint-ast-utils/-/eslint-ast-utils-1.1.0.tgz",
      "integrity": "sha1-PVi6VXgBz7HJQdaBMe6fjDS9FYY=",
      "requires": {
        "lodash.get": "4.4.2",
        "lodash.zip": "4.2.0"
      }
    },
    "eslint-config-airbnb-base": {
      "version": "12.1.0",
      "resolved": "http://artifactory.es.ad.adp.com:8081/artifactory/api/npm/ohcm-npms/eslint-config-airbnb-base/-/eslint-config-airbnb-base-12.1.0.tgz",
      "integrity": "sha1-OGRB5UoSzNlXsKklZKS6/r10eUQ=",
      "requires": {
        "eslint-restricted-globals": "0.1.1"
      }
    },
    "eslint-config-prettier": {
      "version": "2.9.0",
      "resolved": "http://artifactory.es.ad.adp.com:8081/artifactory/api/npm/ohcm-npms/eslint-config-prettier/-/eslint-config-prettier-2.9.0.tgz",
      "integrity": "sha1-Xs1lF01IbCLf84n+A2/r9QLUaKM=",
      "requires": {
        "get-stdin": "5.0.1"
      }
    },
    "eslint-import-resolver-node": {
      "version": "0.3.2",
      "resolved": "http://artifactory.es.ad.adp.com:8081/artifactory/api/npm/ohcm-npms/eslint-import-resolver-node/-/eslint-import-resolver-node-0.3.2.tgz",
      "integrity": "sha1-WPFfuDm40FdsqYBBNHaqskcttmo=",
      "requires": {
        "debug": "2.6.9",
        "resolve": "1.8.1"
      }
    },
    "eslint-module-utils": {
      "version": "2.2.0",
      "resolved": "http://artifactory.es.ad.adp.com:8081/artifactory/api/npm/ohcm-npms/eslint-module-utils/-/eslint-module-utils-2.2.0.tgz",
      "integrity": "sha1-snA2LNiLGkitMIl2zn+lTphBF0Y=",
      "requires": {
        "debug": "2.6.9",
        "pkg-dir": "1.0.0"
      }
    },
    "eslint-plugin-es6-recommended": {
      "version": "0.1.2",
      "resolved": "http://artifactory.es.ad.adp.com:8081/artifactory/api/npm/ohcm-npms/eslint-plugin-es6-recommended/-/eslint-plugin-es6-recommended-0.1.2.tgz",
      "integrity": "sha1-QXqSBwUvvT0liKhwmkEuS9llH94="
    },
    "eslint-plugin-import": {
      "version": "2.12.0",
      "resolved": "http://artifactory.es.ad.adp.com:8081/artifactory/api/npm/ohcm-npms/eslint-plugin-import/-/eslint-plugin-import-2.12.0.tgz",
      "integrity": "sha1-2tMXgSktZmSyUxf9BJ0uKy8CIF0=",
      "requires": {
        "contains-path": "0.1.0",
        "debug": "2.6.9",
        "doctrine": "1.5.0",
        "eslint-import-resolver-node": "0.3.2",
        "eslint-module-utils": "2.2.0",
        "has": "1.0.3",
        "lodash": "4.17.10",
        "minimatch": "3.0.4",
        "read-pkg-up": "2.0.0",
        "resolve": "1.8.1"
      }
    },
    "eslint-plugin-jest": {
      "version": "21.17.0",
      "resolved": "http://artifactory.es.ad.adp.com:8081/artifactory/api/npm/ohcm-npms/eslint-plugin-jest/-/eslint-plugin-jest-21.17.0.tgz",
      "integrity": "sha1-/bAOL5/xaYfW688sdcet0QV2C7s="
    },
    "eslint-plugin-jsdoc": {
      "version": "3.7.1",
      "resolved": "http://artifactory.es.ad.adp.com:8081/artifactory/api/npm/ohcm-npms/eslint-plugin-jsdoc/-/eslint-plugin-jsdoc-3.7.1.tgz",
      "integrity": "sha1-PlkS0/n5rkHYvXTBLclqASFwdwg=",
      "requires": {
        "comment-parser": "0.4.2",
        "jsdoctypeparser": "2.0.0-alpha-8",
        "lodash": "4.17.10"
      }
    },
    "eslint-plugin-json": {
      "version": "1.2.0",
      "resolved": "http://artifactory.es.ad.adp.com:8081/artifactory/api/npm/ohcm-npms/eslint-plugin-json/-/eslint-plugin-json-1.2.0.tgz",
      "integrity": "sha1-m6c7sL6Z1QCT6In1uWhGPSow764=",
      "requires": {
        "jshint": "2.9.5"
      }
    },
    "eslint-plugin-node": {
      "version": "6.0.1",
      "resolved": "http://artifactory.es.ad.adp.com:8081/artifactory/api/npm/ohcm-npms/eslint-plugin-node/-/eslint-plugin-node-6.0.1.tgz",
      "integrity": "sha1-vxlkIpgGQ3kxXXpLKnWTc3b6BeQ=",
      "requires": {
        "ignore": "3.3.8",
        "minimatch": "3.0.4",
        "resolve": "1.8.1",
        "semver": "5.5.0"
      }
    },
    "eslint-plugin-prettier": {
      "version": "2.6.0",
      "resolved": "http://artifactory.es.ad.adp.com:8081/artifactory/api/npm/ohcm-npms/eslint-plugin-prettier/-/eslint-plugin-prettier-2.6.0.tgz",
      "integrity": "sha1-M+TiKL2wYULQPFYM4E7CP2x2fdc=",
      "requires": {
        "fast-diff": "1.1.2",
        "jest-docblock": "21.2.0"
      }
    },
    "eslint-plugin-security": {
      "version": "1.4.0",
      "resolved": "http://artifactory.es.ad.adp.com:8081/artifactory/api/npm/ohcm-npms/eslint-plugin-security/-/eslint-plugin-security-1.4.0.tgz",
      "integrity": "sha1-1PMUSEqAsbYTuMiIboT1Lv4VJsI=",
      "requires": {
        "safe-regex": "1.1.0"
      }
    },
    "eslint-plugin-unicorn": {
      "version": "4.0.3",
      "resolved": "http://artifactory.es.ad.adp.com:8081/artifactory/api/npm/ohcm-npms/eslint-plugin-unicorn/-/eslint-plugin-unicorn-4.0.3.tgz",
      "integrity": "sha1-fpmYcRvyN4Ce0YgaUadwALL0BYY=",
      "requires": {
        "clean-regexp": "1.0.0",
        "eslint-ast-utils": "1.1.0",
        "import-modules": "1.1.0",
        "lodash.camelcase": "4.3.0",
        "lodash.kebabcase": "4.1.1",
        "lodash.snakecase": "4.1.1",
        "lodash.upperfirst": "4.3.1",
        "safe-regex": "1.1.0"
      }
    },
    "eslint-restricted-globals": {
      "version": "0.1.1",
      "resolved": "http://artifactory.es.ad.adp.com:8081/artifactory/api/npm/ohcm-npms/eslint-restricted-globals/-/eslint-restricted-globals-0.1.1.tgz",
      "integrity": "sha1-NfDVy8ZMLj7WLpO0saevBbp+1Nc="
    },
    "esutils": {
      "version": "2.0.2",
      "resolved": "http://artifactory.es.ad.adp.com:8081/artifactory/api/npm/ohcm-npms/esutils/-/esutils-2.0.2.tgz",
      "integrity": "sha1-Cr9PHKpbyx96nYrMbepPqqBLrJs="
    },
    "exit": {
      "version": "0.1.2",
      "resolved": "http://artifactory.es.ad.adp.com:8081/artifactory/api/npm/ohcm-npms/exit/-/exit-0.1.2.tgz",
      "integrity": "sha1-BjJjj42HfMghB9MKD/8aF8uhzQw="
    },
    "fast-diff": {
      "version": "1.1.2",
      "resolved": "http://artifactory.es.ad.adp.com:8081/artifactory/api/npm/ohcm-npms/fast-diff/-/fast-diff-1.1.2.tgz",
      "integrity": "sha1-S2LEK44D3j+EhGC2OQeZIGldAVQ="
    },
    "find-up": {
      "version": "1.1.2",
      "resolved": "http://artifactory.es.ad.adp.com:8081/artifactory/api/npm/ohcm-npms/find-up/-/find-up-1.1.2.tgz",
      "integrity": "sha1-ay6YIrGizgpgq2TWEOzK1TyyTQ8=",
      "requires": {
        "path-exists": "2.1.0",
        "pinkie-promise": "2.0.1"
      }
    },
    "fs.realpath": {
      "version": "1.0.0",
      "resolved": "http://artifactory.es.ad.adp.com:8081/artifactory/api/npm/ohcm-npms/fs.realpath/-/fs.realpath-1.0.0.tgz",
      "integrity": "sha1-FQStJSMVjKpA20onh8sBQRmU6k8="
    },
    "function-bind": {
      "version": "1.1.1",
      "resolved": "http://artifactory.es.ad.adp.com:8081/artifactory/api/npm/ohcm-npms/function-bind/-/function-bind-1.1.1.tgz",
      "integrity": "sha1-pWiZ0+o8m6uHS7l3O3xe3pL0iV0="
    },
    "get-stdin": {
      "version": "5.0.1",
      "resolved": "http://artifactory.es.ad.adp.com:8081/artifactory/api/npm/ohcm-npms/get-stdin/-/get-stdin-5.0.1.tgz",
      "integrity": "sha1-Ei4WFZHiH/TFJTAwVpPyDmOTo5g="
    },
    "glob": {
      "version": "7.1.2",
      "resolved": "http://artifactory.es.ad.adp.com:8081/artifactory/api/npm/ohcm-npms/glob/-/glob-7.1.2.tgz",
      "integrity": "sha1-wZyd+aAocC1nhhI4SmVSQExjbRU=",
      "requires": {
        "fs.realpath": "1.0.0",
        "inflight": "1.0.6",
        "inherits": "2.0.3",
        "minimatch": "3.0.4",
        "once": "1.4.0",
        "path-is-absolute": "1.0.1"
      }
    },
    "graceful-fs": {
      "version": "4.1.11",
      "resolved": "http://artifactory.es.ad.adp.com:8081/artifactory/api/npm/ohcm-npms/graceful-fs/-/graceful-fs-4.1.11.tgz",
      "integrity": "sha1-Dovf5NHduIVNZOBOp8AOKgJuVlg="
    },
    "has": {
      "version": "1.0.3",
      "resolved": "http://artifactory.es.ad.adp.com:8081/artifactory/api/npm/ohcm-npms/has/-/has-1.0.3.tgz",
      "integrity": "sha1-ci18v8H2qoJB8W3YFOAR4fQeh5Y=",
      "requires": {
        "function-bind": "1.1.1"
      }
    },
    "hosted-git-info": {
      "version": "2.6.0",
      "resolved": "http://artifactory.es.ad.adp.com:8081/artifactory/api/npm/ohcm-npms/hosted-git-info/-/hosted-git-info-2.6.0.tgz",
      "integrity": "sha1-IyNbKasjDFdqqw1PE/wEawsDgiI="
    },
    "htmlparser2": {
      "version": "3.8.3",
      "resolved": "http://artifactory.es.ad.adp.com:8081/artifactory/api/npm/ohcm-npms/htmlparser2/-/htmlparser2-3.8.3.tgz",
      "integrity": "sha1-mWwosZFRaovoZQGn15dX5ccMEGg=",
      "requires": {
        "domelementtype": "1.3.0",
        "domhandler": "2.3.0",
        "domutils": "1.5.1",
        "entities": "1.0.0",
        "readable-stream": "1.1.14"
      },
      "dependencies": {
        "isarray": {
          "version": "0.0.1",
          "resolved": "http://artifactory.es.ad.adp.com:8081/artifactory/api/npm/ohcm-npms/isarray/-/isarray-0.0.1.tgz",
          "integrity": "sha1-ihis/Kmo9Bd+Cav8YDiTmwXR7t8="
        },
        "readable-stream": {
          "version": "1.1.14",
          "resolved": "http://artifactory.es.ad.adp.com:8081/artifactory/api/npm/ohcm-npms/readable-stream/-/readable-stream-1.1.14.tgz",
          "integrity": "sha1-fPTFTvZI44EwhMY23SB54WbAgdk=",
          "requires": {
            "core-util-is": "1.0.2",
            "inherits": "2.0.3",
            "isarray": "0.0.1",
            "string_decoder": "0.10.31"
          }
        },
        "string_decoder": {
          "version": "0.10.31",
          "resolved": "http://artifactory.es.ad.adp.com:8081/artifactory/api/npm/ohcm-npms/string_decoder/-/string_decoder-0.10.31.tgz",
          "integrity": "sha1-YuIDvEF2bGwoyfyEMB2rHFMQ+pQ="
        }
      }
    },
    "ignore": {
      "version": "3.3.8",
      "resolved": "http://artifactory.es.ad.adp.com:8081/artifactory/api/npm/ohcm-npms/ignore/-/ignore-3.3.8.tgz",
      "integrity": "sha1-P46cNdOHCKOn4Omrtsc+fudweys="
    },
    "import-modules": {
      "version": "1.1.0",
      "resolved": "http://artifactory.es.ad.adp.com:8081/artifactory/api/npm/ohcm-npms/import-modules/-/import-modules-1.1.0.tgz",
      "integrity": "sha1-dI23nFzEK7lwHvq0JPiU5yYA6dw="
    },
    "inflight": {
      "version": "1.0.6",
      "resolved": "http://artifactory.es.ad.adp.com:8081/artifactory/api/npm/ohcm-npms/inflight/-/inflight-1.0.6.tgz",
      "integrity": "sha1-Sb1jMdfQLQwJvJEKEHW6gWW1bfk=",
      "requires": {
        "once": "1.4.0",
        "wrappy": "1.0.2"
      }
    },
    "inherits": {
      "version": "2.0.3",
      "resolved": "http://artifactory.es.ad.adp.com:8081/artifactory/api/npm/ohcm-npms/inherits/-/inherits-2.0.3.tgz",
      "integrity": "sha1-Yzwsg+PaQqUC9SRmAiSA9CCCYd4="
    },
    "is-arrayish": {
      "version": "0.2.1",
      "resolved": "http://artifactory.es.ad.adp.com:8081/artifactory/api/npm/ohcm-npms/is-arrayish/-/is-arrayish-0.2.1.tgz",
      "integrity": "sha1-d8mYQFJ6qOyxqLppe4BkWnqSap0="
    },
    "is-builtin-module": {
      "version": "1.0.0",
      "resolved": "http://artifactory.es.ad.adp.com:8081/artifactory/api/npm/ohcm-npms/is-builtin-module/-/is-builtin-module-1.0.0.tgz",
      "integrity": "sha1-VAVy0096wxGfj3bDDLwbHgN6/74=",
      "requires": {
        "builtin-modules": "1.1.1"
      }
    },
    "isarray": {
      "version": "1.0.0",
      "resolved": "http://artifactory.es.ad.adp.com:8081/artifactory/api/npm/ohcm-npms/isarray/-/isarray-1.0.0.tgz",
      "integrity": "sha1-u5NdSFgsuhaMBoNJV6VKPgcSTxE="
    },
    "jest-docblock": {
      "version": "21.2.0",
      "resolved": "http://artifactory.es.ad.adp.com:8081/artifactory/api/npm/ohcm-npms/jest-docblock/-/jest-docblock-21.2.0.tgz",
      "integrity": "sha1-UVKcOzDV/RWdpgwnzu3Blfr41BQ="
    },
    "jsdoctypeparser": {
      "version": "2.0.0-alpha-8",
      "resolved": "http://artifactory.es.ad.adp.com:8081/artifactory/api/npm/ohcm-npms/jsdoctypeparser/-/jsdoctypeparser-2.0.0-alpha-8.tgz",
      "integrity": "sha1-uvE3+44qVYgQrc8Z0tKi9oDpCl8="
    },
    "jshint": {
      "version": "2.9.5",
      "resolved": "http://artifactory.es.ad.adp.com:8081/artifactory/api/npm/ohcm-npms/jshint/-/jshint-2.9.5.tgz",
      "integrity": "sha1-HnJSkVzmgbQIJ+4UJIxG006apiw=",
      "requires": {
        "cli": "1.0.1",
        "console-browserify": "1.1.0",
        "exit": "0.1.2",
        "htmlparser2": "3.8.3",
        "lodash": "3.7.0",
        "minimatch": "3.0.4",
        "shelljs": "0.3.0",
        "strip-json-comments": "1.0.4"
      },
      "dependencies": {
        "lodash": {
          "version": "3.7.0",
          "resolved": "http://artifactory.es.ad.adp.com:8081/artifactory/api/npm/ohcm-npms/lodash/-/lodash-3.7.0.tgz",
          "integrity": "sha1-Nni9irmVBXwHreg27S7wh9qBHUU="
        }
      }
    },
    "load-json-file": {
      "version": "2.0.0",
      "resolved": "http://artifactory.es.ad.adp.com:8081/artifactory/api/npm/ohcm-npms/load-json-file/-/load-json-file-2.0.0.tgz",
      "integrity": "sha1-eUfkIUmvgNaWy/eXvKq8/h/inKg=",
      "requires": {
        "graceful-fs": "4.1.11",
        "parse-json": "2.2.0",
        "pify": "2.3.0",
        "strip-bom": "3.0.0"
      }
    },
    "locate-path": {
      "version": "2.0.0",
      "resolved": "http://artifactory.es.ad.adp.com:8081/artifactory/api/npm/ohcm-npms/locate-path/-/locate-path-2.0.0.tgz",
      "integrity": "sha1-K1aLJl7slExtnA3pw9u7ygNUzY4=",
      "requires": {
        "p-locate": "2.0.0",
        "path-exists": "3.0.0"
      },
      "dependencies": {
        "path-exists": {
          "version": "3.0.0",
          "resolved": "http://artifactory.es.ad.adp.com:8081/artifactory/api/npm/ohcm-npms/path-exists/-/path-exists-3.0.0.tgz",
          "integrity": "sha1-zg6+ql94yxiSXqfYENe1mwEP1RU="
        }
      }
    },
    "lodash": {
      "version": "4.17.10",
      "resolved": "http://artifactory.es.ad.adp.com:8081/artifactory/api/npm/ohcm-npms/lodash/-/lodash-4.17.10.tgz",
      "integrity": "sha1-G3eTz3JZ6jj7NmHU04syYK+K5Oc="
    },
    "lodash.camelcase": {
      "version": "4.3.0",
      "resolved": "http://artifactory.es.ad.adp.com:8081/artifactory/api/npm/ohcm-npms/lodash.camelcase/-/lodash.camelcase-4.3.0.tgz",
      "integrity": "sha1-soqmKIorn8ZRA1x3EfZathkDMaY="
    },
    "lodash.get": {
      "version": "4.4.2",
      "resolved": "http://artifactory.es.ad.adp.com:8081/artifactory/api/npm/ohcm-npms/lodash.get/-/lodash.get-4.4.2.tgz",
      "integrity": "sha1-LRd/ZS+jHpObRDjVNBSZ36OCXpk="
    },
    "lodash.kebabcase": {
      "version": "4.1.1",
      "resolved": "http://artifactory.es.ad.adp.com:8081/artifactory/api/npm/ohcm-npms/lodash.kebabcase/-/lodash.kebabcase-4.1.1.tgz",
      "integrity": "sha1-hImxyw0p/4gZXM7KRI/21swpXDY="
    },
    "lodash.snakecase": {
      "version": "4.1.1",
      "resolved": "http://artifactory.es.ad.adp.com:8081/artifactory/api/npm/ohcm-npms/lodash.snakecase/-/lodash.snakecase-4.1.1.tgz",
      "integrity": "sha1-OdcUo1NXFHg3rv1ktdy7Fr7Nj40="
    },
    "lodash.upperfirst": {
      "version": "4.3.1",
      "resolved": "http://artifactory.es.ad.adp.com:8081/artifactory/api/npm/ohcm-npms/lodash.upperfirst/-/lodash.upperfirst-4.3.1.tgz",
      "integrity": "sha1-E2Xt9DFIBIHvDRxolXpe2Z1J984="
    },
    "lodash.zip": {
      "version": "4.2.0",
      "resolved": "http://artifactory.es.ad.adp.com:8081/artifactory/api/npm/ohcm-npms/lodash.zip/-/lodash.zip-4.2.0.tgz",
      "integrity": "sha1-7GZi5IlkCO1KtsVCo5kLcswIACA="
    },
    "minimatch": {
      "version": "3.0.4",
      "resolved": "http://artifactory.es.ad.adp.com:8081/artifactory/api/npm/ohcm-npms/minimatch/-/minimatch-3.0.4.tgz",
      "integrity": "sha1-UWbihkV/AzBgZL5Ul+jbsMPTIIM=",
      "requires": {
        "brace-expansion": "1.1.11"
      }
    },
    "ms": {
      "version": "2.0.0",
      "resolved": "http://artifactory.es.ad.adp.com:8081/artifactory/api/npm/ohcm-npms/ms/-/ms-2.0.0.tgz",
      "integrity": "sha1-VgiurfwAvmwpAd9fmGF4jeDVl8g="
    },
    "normalize-package-data": {
      "version": "2.4.0",
      "resolved": "http://artifactory.es.ad.adp.com:8081/artifactory/api/npm/ohcm-npms/normalize-package-data/-/normalize-package-data-2.4.0.tgz",
      "integrity": "sha1-EvlaMH1YNSB1oEkHuErIvpisAS8=",
      "requires": {
        "hosted-git-info": "2.6.0",
        "is-builtin-module": "1.0.0",
        "semver": "5.5.0",
        "validate-npm-package-license": "3.0.3"
      }
    },
    "once": {
      "version": "1.4.0",
      "resolved": "http://artifactory.es.ad.adp.com:8081/artifactory/api/npm/ohcm-npms/once/-/once-1.4.0.tgz",
      "integrity": "sha1-WDsap3WWHUsROsF9nFC6753Xa9E=",
      "requires": {
        "wrappy": "1.0.2"
      }
    },
    "p-limit": {
      "version": "1.3.0",
      "resolved": "http://artifactory.es.ad.adp.com:8081/artifactory/api/npm/ohcm-npms/p-limit/-/p-limit-1.3.0.tgz",
      "integrity": "sha1-uGvV8MJWkJEcdZD8v8IBDVSzzLg=",
      "requires": {
        "p-try": "1.0.0"
      }
    },
    "p-locate": {
      "version": "2.0.0",
      "resolved": "http://artifactory.es.ad.adp.com:8081/artifactory/api/npm/ohcm-npms/p-locate/-/p-locate-2.0.0.tgz",
      "integrity": "sha1-IKAQOyIqcMj9OcwuWAaA893l7EM=",
      "requires": {
        "p-limit": "1.3.0"
      }
    },
    "p-try": {
      "version": "1.0.0",
      "resolved": "http://artifactory.es.ad.adp.com:8081/artifactory/api/npm/ohcm-npms/p-try/-/p-try-1.0.0.tgz",
      "integrity": "sha1-y8ec26+P1CKOE/Yh8rGiN8GyB7M="
    },
    "parse-json": {
      "version": "2.2.0",
      "resolved": "http://artifactory.es.ad.adp.com:8081/artifactory/api/npm/ohcm-npms/parse-json/-/parse-json-2.2.0.tgz",
      "integrity": "sha1-9ID0BDTvgHQfhGkJn43qGPVaTck=",
      "requires": {
        "error-ex": "1.3.2"
      }
    },
    "path-exists": {
      "version": "2.1.0",
      "resolved": "http://artifactory.es.ad.adp.com:8081/artifactory/api/npm/ohcm-npms/path-exists/-/path-exists-2.1.0.tgz",
      "integrity": "sha1-D+tsZPD8UY2adU3V77YscCJ2H0s=",
      "requires": {
        "pinkie-promise": "2.0.1"
      }
    },
    "path-is-absolute": {
      "version": "1.0.1",
      "resolved": "http://artifactory.es.ad.adp.com:8081/artifactory/api/npm/ohcm-npms/path-is-absolute/-/path-is-absolute-1.0.1.tgz",
      "integrity": "sha1-F0uSaHNVNP+8es5r9TpanhtcX18="
    },
    "path-parse": {
      "version": "1.0.5",
      "resolved": "http://artifactory.es.ad.adp.com:8081/artifactory/api/npm/ohcm-npms/path-parse/-/path-parse-1.0.5.tgz",
      "integrity": "sha1-PBrfhx6pzWyUMbbqK9dKD/BVxME="
    },
    "path-type": {
      "version": "2.0.0",
      "resolved": "http://artifactory.es.ad.adp.com:8081/artifactory/api/npm/ohcm-npms/path-type/-/path-type-2.0.0.tgz",
      "integrity": "sha1-8BLMuEFbcJb8LaoQVMPXI4lZTHM=",
      "requires": {
        "pify": "2.3.0"
      }
    },
    "pify": {
      "version": "2.3.0",
      "resolved": "http://artifactory.es.ad.adp.com:8081/artifactory/api/npm/ohcm-npms/pify/-/pify-2.3.0.tgz",
      "integrity": "sha1-7RQaasBDqEnqWISY59yosVMw6Qw="
    },
    "pinkie": {
      "version": "2.0.4",
      "resolved": "http://artifactory.es.ad.adp.com:8081/artifactory/api/npm/ohcm-npms/pinkie/-/pinkie-2.0.4.tgz",
      "integrity": "sha1-clVrgM+g1IqXToDnckjoDtT3+HA="
    },
    "pinkie-promise": {
      "version": "2.0.1",
      "resolved": "http://artifactory.es.ad.adp.com:8081/artifactory/api/npm/ohcm-npms/pinkie-promise/-/pinkie-promise-2.0.1.tgz",
      "integrity": "sha1-ITXW36ejWMBprJsXh3YogihFD/o=",
      "requires": {
        "pinkie": "2.0.4"
      }
    },
    "pkg-dir": {
      "version": "1.0.0",
      "resolved": "http://artifactory.es.ad.adp.com:8081/artifactory/api/npm/ohcm-npms/pkg-dir/-/pkg-dir-1.0.0.tgz",
      "integrity": "sha1-ektQio1bstYp1EcFb/TpyTFM89Q=",
      "requires": {
        "find-up": "1.1.2"
      }
    },
    "process-nextick-args": {
      "version": "2.0.0",
      "resolved": "http://artifactory.es.ad.adp.com:8081/artifactory/api/npm/ohcm-npms/process-nextick-args/-/process-nextick-args-2.0.0.tgz",
      "integrity": "sha1-o31zL0JxtKsa0HDTVQjoKQeI/6o="
    },
    "read-pkg": {
      "version": "2.0.0",
      "resolved": "http://artifactory.es.ad.adp.com:8081/artifactory/api/npm/ohcm-npms/read-pkg/-/read-pkg-2.0.0.tgz",
      "integrity": "sha1-jvHAYjxqbbDcZxPEv6xGMysjaPg=",
      "requires": {
        "load-json-file": "2.0.0",
        "normalize-package-data": "2.4.0",
        "path-type": "2.0.0"
      }
    },
    "read-pkg-up": {
      "version": "2.0.0",
      "resolved": "http://artifactory.es.ad.adp.com:8081/artifactory/api/npm/ohcm-npms/read-pkg-up/-/read-pkg-up-2.0.0.tgz",
      "integrity": "sha1-a3KoBImE4MQeeVEP1en6mbO1Sb4=",
      "requires": {
        "find-up": "2.1.0",
        "read-pkg": "2.0.0"
      },
      "dependencies": {
        "find-up": {
          "version": "2.1.0",
          "resolved": "http://artifactory.es.ad.adp.com:8081/artifactory/api/npm/ohcm-npms/find-up/-/find-up-2.1.0.tgz",
          "integrity": "sha1-RdG35QbHF93UgndaK3eSCjwMV6c=",
          "requires": {
            "locate-path": "2.0.0"
          }
        }
      }
    },
    "readable-stream": {
      "version": "2.3.6",
      "resolved": "http://artifactory.es.ad.adp.com:8081/artifactory/api/npm/ohcm-npms/readable-stream/-/readable-stream-2.3.6.tgz",
      "integrity": "sha1-sRwn2IuP8fvgcGQ8+UsMea4bCq8=",
      "requires": {
        "core-util-is": "1.0.2",
        "inherits": "2.0.3",
        "isarray": "1.0.0",
        "process-nextick-args": "2.0.0",
        "safe-buffer": "5.1.2",
        "string_decoder": "1.1.1",
        "util-deprecate": "1.0.2"
      }
    },
    "resolve": {
      "version": "1.8.1",
      "resolved": "http://artifactory.es.ad.adp.com:8081/artifactory/api/npm/ohcm-npms/resolve/-/resolve-1.8.1.tgz",
      "integrity": "sha1-gvHsGaQjrB+9CAsLqwa6NuhKeiY=",
      "requires": {
        "path-parse": "1.0.5"
      }
    },
    "ret": {
      "version": "0.1.15",
      "resolved": "http://artifactory.es.ad.adp.com:8081/artifactory/api/npm/ohcm-npms/ret/-/ret-0.1.15.tgz",
      "integrity": "sha1-uKSCXVvbH8P29Twrwz+BOIaBx7w="
    },
    "safe-buffer": {
      "version": "5.1.2",
      "resolved": "http://artifactory.es.ad.adp.com:8081/artifactory/api/npm/ohcm-npms/safe-buffer/-/safe-buffer-5.1.2.tgz",
      "integrity": "sha1-mR7GnSluAxN0fVm9/St0XDX4go0="
    },
    "safe-regex": {
      "version": "1.1.0",
      "resolved": "http://artifactory.es.ad.adp.com:8081/artifactory/api/npm/ohcm-npms/safe-regex/-/safe-regex-1.1.0.tgz",
      "integrity": "sha1-QKNmnzsHfR6UPURinhV91IAjvy4=",
      "requires": {
        "ret": "0.1.15"
      }
    },
    "semver": {
      "version": "5.5.0",
      "resolved": "http://artifactory.es.ad.adp.com:8081/artifactory/api/npm/ohcm-npms/semver/-/semver-5.5.0.tgz",
      "integrity": "sha1-3Eu8emyp2Rbe5dQ1FvAJK1j3uKs="
    },
    "shelljs": {
      "version": "0.3.0",
      "resolved": "http://artifactory.es.ad.adp.com:8081/artifactory/api/npm/ohcm-npms/shelljs/-/shelljs-0.3.0.tgz",
      "integrity": "sha1-NZbmMHp4FUT1kfN9phg2DzHbV7E="
    },
    "spdx-correct": {
      "version": "3.0.0",
      "resolved": "http://artifactory.es.ad.adp.com:8081/artifactory/api/npm/ohcm-npms/spdx-correct/-/spdx-correct-3.0.0.tgz",
      "integrity": "sha1-BaW01xU6GVvJLDxCW2nzsqlSTII=",
      "requires": {
        "spdx-expression-parse": "3.0.0",
        "spdx-license-ids": "3.0.0"
      }
    },
    "spdx-exceptions": {
      "version": "2.1.0",
      "resolved": "http://artifactory.es.ad.adp.com:8081/artifactory/api/npm/ohcm-npms/spdx-exceptions/-/spdx-exceptions-2.1.0.tgz",
      "integrity": "sha1-LHrmEFbHFKW5ubKyr30xHvXHj+k="
    },
    "spdx-expression-parse": {
      "version": "3.0.0",
      "resolved": "http://artifactory.es.ad.adp.com:8081/artifactory/api/npm/ohcm-npms/spdx-expression-parse/-/spdx-expression-parse-3.0.0.tgz",
      "integrity": "sha1-meEZt6XaAOBUkcn6M4t5BII7QdA=",
      "requires": {
        "spdx-exceptions": "2.1.0",
        "spdx-license-ids": "3.0.0"
      }
    },
    "spdx-license-ids": {
      "version": "3.0.0",
      "resolved": "http://artifactory.es.ad.adp.com:8081/artifactory/api/npm/ohcm-npms/spdx-license-ids/-/spdx-license-ids-3.0.0.tgz",
      "integrity": "sha1-enzShHDMbToc/m1miG9rxDDTrIc="
    },
    "string_decoder": {
      "version": "1.1.1",
      "resolved": "http://artifactory.es.ad.adp.com:8081/artifactory/api/npm/ohcm-npms/string_decoder/-/string_decoder-1.1.1.tgz",
      "integrity": "sha1-nPFhG6YmhdcDCunkujQUnDrwP8g=",
      "requires": {
        "safe-buffer": "5.1.2"
      }
    },
    "strip-bom": {
      "version": "3.0.0",
      "resolved": "http://artifactory.es.ad.adp.com:8081/artifactory/api/npm/ohcm-npms/strip-bom/-/strip-bom-3.0.0.tgz",
      "integrity": "sha1-IzTBjpx1n3vdVv3vfprj1YjmjtM="
    },
    "strip-json-comments": {
      "version": "1.0.4",
      "resolved": "http://artifactory.es.ad.adp.com:8081/artifactory/api/npm/ohcm-npms/strip-json-comments/-/strip-json-comments-1.0.4.tgz",
      "integrity": "sha1-HhX7ysl9Pumb8tc7TGVrCCu6+5E="
    },
    "util-deprecate": {
      "version": "1.0.2",
      "resolved": "http://artifactory.es.ad.adp.com:8081/artifactory/api/npm/ohcm-npms/util-deprecate/-/util-deprecate-1.0.2.tgz",
      "integrity": "sha1-RQ1Nyfpw3nMnYvvS1KKJgUGaDM8="
    },
    "validate-npm-package-license": {
      "version": "3.0.3",
      "resolved": "http://artifactory.es.ad.adp.com:8081/artifactory/api/npm/ohcm-npms/validate-npm-package-license/-/validate-npm-package-license-3.0.3.tgz",
      "integrity": "sha1-gWQ7y+8b3+zUYjeT3EZIlIupgzg=",
      "requires": {
        "spdx-correct": "3.0.0",
        "spdx-expression-parse": "3.0.0"
      }
    },
    "wrappy": {
      "version": "1.0.2",
      "resolved": "http://artifactory.es.ad.adp.com:8081/artifactory/api/npm/ohcm-npms/wrappy/-/wrappy-1.0.2.tgz",
      "integrity": "sha1-tSQ9jz7BqjXxNkYFvA0QNuMKtp8="
    }
  }
}
